{
  "name": "ajs-new",
  "version": "1.0.0",
  "lockfileVersion": 3,
  "requires": true,
  "packages": {
    "": {
      "name": "ajs-new",
      "version": "1.0.0",
      "license": "ISC",
      "dependencies": {
        "@yulti879/ajs": "^1.0.0"
      }
    },
    "node_modules/@yulti879/ajs": {
      "version": "1.0.0",
      "resolved": "https://npm.pkg.github.com/download/@yulti879/ajs/1.0.0/04df2313661bff0110eb9142424cd6dca71a05fd",
      "integrity": "sha512-D+eqfgzg/YJG/zYrxaFhHFLefh/iBsszvienFZxlds0/a6Qj2ANkKOnaBPeS4zE48t9fp/aJagsw6RgykPZHHQ==",
      "license": "ISC"
    }
  }
}
